
Microsoft Visual Studio Solution File, Format Version 12.00
# Visual Studio Version 16
VisualStudioVersion = 16.0.30011.22
MinimumVisualStudioVersion = 10.0.40219.1
Project("{9A19103F-16F7-4668-BE54-9A1E7A4F7556}") = "Metadata-Service", "Metadata-Service\Metadata-Service.csproj", "{EC9B4932-8CA3-48B6-9719-F2DB4A083A93}"
EndProject
Project("{FAE04EC0-301F-11D3-BF4B-00C04F79EFBC}") = "Metadata-Service-UnitTest", "Metadata-Service-UnitTest\Metadata-Service-UnitTest.csproj", "{4C7E5DE9-AD76-4678-8896-C56511102DF0}"
EndProject
Global
	GlobalSection(SolutionConfigurationPlatforms) = preSolution
		Debug|Any CPU = Debug|Any CPU
		Release|Any CPU = Release|Any CPU
	EndGlobalSection
	GlobalSection(ProjectConfigurationPlatforms) = postSolution
		{EC9B4932-8CA3-48B6-9719-F2DB4A083A93}.Debug|Any CPU.ActiveCfg = Debug|Any CPU
		{EC9B4932-8CA3-48B6-9719-F2DB4A083A93}.Debug|Any CPU.Build.0 = Debug|Any CPU
		{EC9B4932-8CA3-48B6-9719-F2DB4A083A93}.Release|Any CPU.ActiveCfg = Release|Any CPU
		{EC9B4932-8CA3-48B6-9719-F2DB4A083A93}.Release|Any CPU.Build.0 = Release|Any CPU
		{4C7E5DE9-AD76-4678-8896-C56511102DF0}.Debug|Any CPU.ActiveCfg = Debug|Any CPU
		{4C7E5DE9-AD76-4678-8896-C56511102DF0}.Debug|Any CPU.Build.0 = Debug|Any CPU
		{4C7E5DE9-AD76-4678-8896-C56511102DF0}.Release|Any CPU.ActiveCfg = Release|Any CPU
		{4C7E5DE9-AD76-4678-8896-C56511102DF0}.Release|Any CPU.Build.0 = Release|Any CPU
	EndGlobalSection
	GlobalSection(SolutionProperties) = preSolution
		HideSolutionNode = FALSE
	EndGlobalSection
	GlobalSection(ExtensibilityGlobals) = postSolution
		SolutionGuid = {3830C356-F2F3-4CD7-8917-36F7CC31BA23}
	EndGlobalSection
EndGlobal
